// !$*UTF8*$!
{
	archiveVersion = 1;
	classes = {
	};
	objectVersion = 46;
	objects = {

/* Begin PBXBuildFile section */
		B43A06F01CA5B5800091BFB9 /* Flick+CoreDataProperties.swift in Sources */ = {isa = PBXBuildFile; fileRef = B43A06EC1CA5B5800091BFB9 /* Flick+CoreDataProperties.swift */; };
		B43A06F11CA5B5800091BFB9 /* Flick.swift in Sources */ = {isa = PBXBuildFile; fileRef = B43A06ED1CA5B5800091BFB9 /* Flick.swift */; };
		B43A06F21CA5B5800091BFB9 /* Collection+CoreDataProperties.swift in Sources */ = {isa = PBXBuildFile; fileRef = B43A06EE1CA5B5800091BFB9 /* Collection+CoreDataProperties.swift */; };
		B43A06F31CA5B5800091BFB9 /* Collection.swift in Sources */ = {isa = PBXBuildFile; fileRef = B43A06EF1CA5B5800091BFB9 /* Collection.swift */; };
		B43A06F51CA5BA1D0091BFB9 /* FlickViewController.swift in Sources */ = {isa = PBXBuildFile; fileRef = B43A06F41CA5BA1D0091BFB9 /* FlickViewController.swift */; };
		B47FC55D1C7A4412001EDFAF /* AppDelegate.swift in Sources */ = {isa = PBXBuildFile; fileRef = B47FC55C1C7A4412001EDFAF /* AppDelegate.swift */; };
		B47FC5621C7A4412001EDFAF /* Main.storyboard in Resources */ = {isa = PBXBuildFile; fileRef = B47FC5601C7A4412001EDFAF /* Main.storyboard */; };
		B47FC5651C7A4412001EDFAF /* MyFlixDB.xcdatamodeld in Sources */ = {isa = PBXBuildFile; fileRef = B47FC5631C7A4412001EDFAF /* MyFlixDB.xcdatamodeld */; };
		B47FC5671C7A4412001EDFAF /* Assets.xcassets in Resources */ = {isa = PBXBuildFile; fileRef = B47FC5661C7A4412001EDFAF /* Assets.xcassets */; };
		B47FC56A1C7A4412001EDFAF /* LaunchScreen.storyboard in Resources */ = {isa = PBXBuildFile; fileRef = B47FC5681C7A4412001EDFAF /* LaunchScreen.storyboard */; };
		B47FC5741C7A4CA7001EDFAF /* BrowseViewController.swift in Sources */ = {isa = PBXBuildFile; fileRef = B47FC5731C7A4CA7001EDFAF /* BrowseViewController.swift */; };
		B47FC57F1C7A5065001EDFAF /* DataManager.swift in Sources */ = {isa = PBXBuildFile; fileRef = B47FC57E1C7A5065001EDFAF /* DataManager.swift */; };
		B47FC5811C7A56A6001EDFAF /* GenreViewController.swift in Sources */ = {isa = PBXBuildFile; fileRef = B47FC5801C7A56A6001EDFAF /* GenreViewController.swift */; };
		B47FC5831C7A66A2001EDFAF /* NewFlickViewController.swift in Sources */ = {isa = PBXBuildFile; fileRef = B47FC5821C7A66A2001EDFAF /* NewFlickViewController.swift */; };
/* End PBXBuildFile section */

/* Begin PBXFileReference section */
		B43A06EB1CA5B5390091BFB9 /* MyFlixDB 2.xcdatamodel */ = {isa = PBXFileReference; lastKnownFileType = wrapper.xcdatamodel; path = "MyFlixDB 2.xcdatamodel"; sourceTree = "<group>"; };
		B43A06EC1CA5B5800091BFB9 /* Flick+CoreDataProperties.swift */ = {isa = PBXFileReference; fileEncoding = 4; lastKnownFileType = sourcecode.swift; path = "Flick+CoreDataProperties.swift"; sourceTree = "<group>"; };
		B43A06ED1CA5B5800091BFB9 /* Flick.swift */ = {isa = PBXFileReference; fileEncoding = 4; lastKnownFileType = sourcecode.swift; path = Flick.swift; sourceTree = "<group>"; };
		B43A06EE1CA5B5800091BFB9 /* Collection+CoreDataProperties.swift */ = {isa = PBXFileReference; fileEncoding = 4; lastKnownFileType = sourcecode.swift; path = "Collection+CoreDataProperties.swift"; sourceTree = "<group>"; };
		B43A06EF1CA5B5800091BFB9 /* Collection.swift */ = {isa = PBXFileReference; fileEncoding = 4; lastKnownFileType = sourcecode.swift; path = Collection.swift; sourceTree = "<group>"; };
		B43A06F41CA5BA1D0091BFB9 /* FlickViewController.swift */ = {isa = PBXFileReference; fileEncoding = 4; lastKnownFileType = sourcecode.swift; path = FlickViewController.swift; sourceTree = "<group>"; };
		B47FC5591C7A4412001EDFAF /* MyFlixDB.app */ = {isa = PBXFileReference; explicitFileType = wrapper.application; includeInIndex = 0; path = MyFlixDB.app; sourceTree = BUILT_PRODUCTS_DIR; };
		B47FC55C1C7A4412001EDFAF /* AppDelegate.swift */ = {isa = PBXFileReference; lastKnownFileType = sourcecode.swift; path = AppDelegate.swift; sourceTree = "<group>"; };
		B47FC5611C7A4412001EDFAF /* Base */ = {isa = PBXFileReference; lastKnownFileType = file.storyboard; name = Base; path = Base.lproj/Main.storyboard; sourceTree = "<group>"; };
		B47FC5641C7A4412001EDFAF /* MyFlixDB.xcdatamodel */ = {isa = PBXFileReference; lastKnownFileType = wrapper.xcdatamodel; path = MyFlixDB.xcdatamodel; sourceTree = "<group>"; };
		B47FC5661C7A4412001EDFAF /* Assets.xcassets */ = {isa = PBXFileReference; lastKnownFileType = folder.assetcatalog; path = Assets.xcassets; sourceTree = "<group>"; };
		B47FC5691C7A4412001EDFAF /* Base */ = {isa = PBXFileReference; lastKnownFileType = file.storyboard; name = Base; path = Base.lproj/LaunchScreen.storyboard; sourceTree = "<group>"; };
		B47FC56B1C7A4412001EDFAF /* Info.plist */ = {isa = PBXFileReference; lastKnownFileType = text.plist.xml; name = Info.plist; path = MyFlixDB/Info.plist; sourceTree = "<group>"; };
		B47FC5731C7A4CA7001EDFAF /* BrowseViewController.swift */ = {isa = PBXFileReference; fileEncoding = 4; lastKnownFileType = sourcecode.swift; path = BrowseViewController.swift; sourceTree = "<group>"; };
		B47FC57E1C7A5065001EDFAF /* DataManager.swift */ = {isa = PBXFileReference; fileEncoding = 4; lastKnownFileType = sourcecode.swift; name = DataManager.swift; path = MyFlixDB/DataManager.swift; sourceTree = "<group>"; };
		B47FC5801C7A56A6001EDFAF /* GenreViewController.swift */ = {isa = PBXFileReference; fileEncoding = 4; lastKnownFileType = sourcecode.swift; path = GenreViewController.swift; sourceTree = "<group>"; };
		B47FC5821C7A66A2001EDFAF /* NewFlickViewController.swift */ = {isa = PBXFileReference; fileEncoding = 4; lastKnownFileType = sourcecode.swift; path = NewFlickViewController.swift; sourceTree = "<group>"; };
/* End PBXFileReference section */

/* Begin PBXFrameworksBuildPhase section */
		B47FC5561C7A4412001EDFAF /* Frameworks */ = {
			isa = PBXFrameworksBuildPhase;
			buildActionMask = 2147483647;
			files = (
			);
			runOnlyForDeploymentPostprocessing = 0;
		};
/* End PBXFrameworksBuildPhase section */

/* Begin PBXGroup section */
		B47FC5501C7A4412001EDFAF = {
			isa = PBXGroup;
			children = (
				B47FC57D1C7A4E83001EDFAF /* Data */,
				B47FC55B1C7A4412001EDFAF /* MyFlixDB */,
				B47FC55A1C7A4412001EDFAF /* Products */,
			);
			sourceTree = "<group>";
		};
		B47FC55A1C7A4412001EDFAF /* Products */ = {
			isa = PBXGroup;
			children = (
				B47FC5591C7A4412001EDFAF /* MyFlixDB.app */,
			);
			name = Products;
			sourceTree = "<group>";
		};
		B47FC55B1C7A4412001EDFAF /* MyFlixDB */ = {
			isa = PBXGroup;
			children = (
				B47FC55C1C7A4412001EDFAF /* AppDelegate.swift */,
				B47FC5731C7A4CA7001EDFAF /* BrowseViewController.swift */,
				B47FC5801C7A56A6001EDFAF /* GenreViewController.swift */,
				B43A06F41CA5BA1D0091BFB9 /* FlickViewController.swift */,
				B47FC5821C7A66A2001EDFAF /* NewFlickViewController.swift */,
				B47FC5601C7A4412001EDFAF /* Main.storyboard */,
				B47FC5661C7A4412001EDFAF /* Assets.xcassets */,
				B47FC5681C7A4412001EDFAF /* LaunchScreen.storyboard */,
			);
			path = MyFlixDB;
			sourceTree = "<group>";
		};
		B47FC57D1C7A4E83001EDFAF /* Data */ = {
			isa = PBXGroup;
			children = (
				B43A06EC1CA5B5800091BFB9 /* Flick+CoreDataProperties.swift */,
				B43A06ED1CA5B5800091BFB9 /* Flick.swift */,
				B43A06EE1CA5B5800091BFB9 /* Collection+CoreDataProperties.swift */,
				B43A06EF1CA5B5800091BFB9 /* Collection.swift */,
				B47FC57E1C7A5065001EDFAF /* DataManager.swift */,
				B47FC56B1C7A4412001EDFAF /* Info.plist */,
				B47FC5631C7A4412001EDFAF /* MyFlixDB.xcdatamodeld */,
			);
			name = Data;
			sourceTree = "<group>";
		};
/* End PBXGroup section */

/* Begin PBXNativeTarget section */
		B47FC5581C7A4412001EDFAF /* MyFlixDB */ = {
			isa = PBXNativeTarget;
			buildConfigurationList = B47FC56E1C7A4412001EDFAF /* Build configuration list for PBXNativeTarget "MyFlixDB" */;
			buildPhases = (
				B47FC5551C7A4412001EDFAF /* Sources */,
				B47FC5561C7A4412001EDFAF /* Frameworks */,
				B47FC5571C7A4412001EDFAF /* Resources */,
			);
			buildRules = (
			);
			dependencies = (
			);
			name = MyFlixDB;
			productName = MyFlixDB;
			productReference = B47FC5591C7A4412001EDFAF /* MyFlixDB.app */;
			productType = "com.apple.product-type.application";
		};
/* End PBXNativeTarget section */

/* Begin PBXProject section */
		B47FC5511C7A4412001EDFAF /* Project object */ = {
			isa = PBXProject;
			attributes = {
				LastSwiftUpdateCheck = 0720;
				LastUpgradeCheck = 0720;
				ORGANIZATIONNAME = "Blake Oistad";
				TargetAttributes = {
					B47FC5581C7A4412001EDFAF = {
						CreatedOnToolsVersion = 7.2.1;
						DevelopmentTeam = GHHBHG4T97;
					};
				};
			};
			buildConfigurationList = B47FC5541C7A4412001EDFAF /* Build configuration list for PBXProject "MyFlixDB" */;
			compatibilityVersion = "Xcode 3.2";
			developmentRegion = English;
			hasScannedForEncodings = 0;
			knownRegions = (
				en,
				Base,
			);
			mainGroup = B47FC5501C7A4412001EDFAF;
			productRefGroup = B47FC55A1C7A4412001EDFAF /* Products */;
			projectDirPath = "";
			projectRoot = "";
			targets = (
				B47FC5581C7A4412001EDFAF /* MyFlixDB */,
			);
		};
/* End PBXProject section */

/* Begin PBXResourcesBuildPhase section */
		B47FC5571C7A4412001EDFAF /* Resources */ = {
			isa = PBXResourcesBuildPhase;
			buildActionMask = 2147483647;
			files = (
				B47FC56A1C7A4412001EDFAF /* LaunchScreen.storyboard in Resources */,
				B47FC5671C7A4412001EDFAF /* Assets.xcassets in Resources */,
				B47FC5621C7A4412001EDFAF /* Main.storyboard in Resources */,
			);
			runOnlyForDeploymentPostprocessing = 0;
		};
/* End PBXResourcesBuildPhase section */

/* Begin PBXSourcesBuildPhase section */
		B47FC5551C7A4412001EDFAF /* Sources */ = {
			isa = PBXSourcesBuildPhase;
			buildActionMask = 2147483647;
			files = (
				B47FC57F1C7A5065001EDFAF /* DataManager.swift in Sources */,
				B43A06F51CA5BA1D0091BFB9 /* FlickViewController.swift in Sources */,
				B43A06F31CA5B5800091BFB9 /* Collection.swift in Sources */,
				B47FC5741C7A4CA7001EDFAF /* BrowseViewController.swift in Sources */,
				B47FC5811C7A56A6001EDFAF /* GenreViewController.swift in Sources */,
				B43A06F21CA5B5800091BFB9 /* Collection+CoreDataProperties.swift in Sources */,
				B47FC5651C7A4412001EDFAF /* MyFlixDB.xcdatamodeld in Sources */,
				B47FC55D1C7A4412001EDFAF /* AppDelegate.swift in Sources */,
				B47FC5831C7A66A2001EDFAF /* NewFlickViewController.swift in Sources */,
				B43A06F01CA5B5800091BFB9 /* Flick+CoreDataProperties.swift in Sources */,
				B43A06F11CA5B5800091BFB9 /* Flick.swift in Sources */,
			);
			runOnlyForDeploymentPostprocessing = 0;
		};
/* End PBXSourcesBuildPhase section */

/* Begin PBXVariantGroup section */
		B47FC5601C7A4412001EDFAF /* Main.storyboard */ = {
			isa = PBXVariantGroup;
			children = (
				B47FC5611C7A4412001EDFAF /* Base */,
			);
			name = Main.storyboard;
			sourceTree = "<group>";
		};
		B47FC5681C7A4412001EDFAF /* LaunchScreen.storyboard */ = {
			isa = PBXVariantGroup;
			children = (
				B47FC5691C7A4412001EDFAF /* Base */,
			);
			name = LaunchScreen.storyboard;
			sourceTree = "<group>";
		};
/* End PBXVariantGroup section */

/* Begin XCBuildConfiguration section */
		B47FC56C1C7A4412001EDFAF /* Debug */ = {
			isa = XCBuildConfiguration;
			buildSettings = {
				ALWAYS_SEARCH_USER_PATHS = NO;
				CLANG_CXX_LANGUAGE_STANDARD = "gnu++0x";
				CLANG_CXX_LIBRARY = "libc++";
				CLANG_ENABLE_MODULES = YES;
				CLANG_ENABLE_OBJC_ARC = YES;
				CLANG_WARN_BOOL_CONVERSION = YES;
				CLANG_WARN_CONSTANT_CONVERSION = YES;
				CLANG_WARN_DIRECT_OBJC_ISA_USAGE = YES_ERROR;
				CLANG_WARN_EMPTY_BODY = YES;
				CLANG_WARN_ENUM_CONVERSION = YES;
				CLANG_WARN_INT_CONVERSION = YES;
				CLANG_WARN_OBJC_ROOT_CLASS = YES_ERROR;
				CLANG_WARN_UNREACHABLE_CODE = YES;
				CLANG_WARN__DUPLICATE_METHOD_MATCH = YES;
				"CODE_SIGN_IDENTITY[sdk=iphoneos*]" = "iPhone Developer";
				COPY_PHASE_STRIP = NO;
				DEBUG_INFORMATION_FORMAT = dwarf;
				ENABLE_STRICT_OBJC_MSGSEND = YES;
				ENABLE_TESTABILITY = YES;
				GCC_C_LANGUAGE_STANDARD = gnu99;
				GCC_DYNAMIC_NO_PIC = NO;
				GCC_NO_COMMON_BLOCKS = YES;
				GCC_OPTIMIZATION_LEVEL = 0;
				GCC_PREPROCESSOR_DEFINITIONS = (
					"DEBUG=1",
					"$(inherited)",
				);
				GCC_WARN_64_TO_32_BIT_CONVERSION = YES;
				GCC_WARN_ABOUT_RETURN_TYPE = YES_ERROR;
				GCC_WARN_UNDECLARED_SELECTOR = YES;
				GCC_WARN_UNINITIALIZED_AUTOS = YES_AGGRESSIVE;
				GCC_WARN_UNUSED_FUNCTION = YES;
				GCC_WARN_UNUSED_VARIABLE = YES;
				IPHONEOS_DEPLOYMENT_TARGET = 9.2;
				MTL_ENABLE_DEBUG_INFO = YES;
				ONLY_ACTIVE_ARCH = YES;
				SDKROOT = iphoneos;
				SWIFT_OPTIMIZATION_LEVEL = "-Onone";
				TARGETED_DEVICE_FAMILY = "1,2";
			};
			name = Debug;
		};
		B47FC56D1C7A4412001EDFAF /* Release */ = {
			isa = XCBuildConfiguration;
			buildSettings = {
				ALWAYS_SEARCH_USER_PATHS = NO;
				CLANG_CXX_LANGUAGE_STANDARD = "gnu++0x";
				CLANG_CXX_LIBRARY = "libc++";
				CLANG_ENABLE_MODULES = YES;
				CLANG_ENABLE_OBJC_ARC = YES;
				CLANG_WARN_BOOL_CONVERSION = YES;
				CLANG_WARN_CONSTANT_CONVERSION = YES;
				CLANG_WARN_DIRECT_OBJC_ISA_USAGE = YES_ERROR;
				CLANG_WARN_EMPTY_BODY = YES;
				CLANG_WARN_ENUM_CONVERSION = YES;
				CLANG_WARN_INT_CONVERSION = YES;
				CLANG_WARN_OBJC_ROOT_CLASS = YES_ERROR;
				CLANG_WARN_UNREACHABLE_CODE = YES;
				CLANG_WARN__DUPLICATE_METHOD_MATCH = YES;
				"CODE_SIGN_IDENTITY[sdk=iphoneos*]" = "iPhone Developer";
				COPY_PHASE_STRIP = NO;
				DEBUG_INFORMATION_FORMAT = "dwarf-with-dsym";
				ENABLE_NS_ASSERTIONS = NO;
				ENABLE_STRICT_OBJC_MSGSEND = YES;
				GCC_C_LANGUAGE_STANDARD = gnu99;
				GCC_NO_COMMON_BLOCKS = YES;
				GCC_WARN_64_TO_32_BIT_CONVERSION = YES;
				GCC_WARN_ABOUT_RETURN_TYPE = YES_ERROR;
				GCC_WARN_UNDECLARED_SELECTOR = YES;
				GCC_WARN_UNINITIALIZED_AUTOS = YES_AGGRESSIVE;
				GCC_WARN_UNUSED_FUNCTION = YES;
				GCC_WARN_UNUSED_VARIABLE = YES;
				IPHONEOS_DEPLOYMENT_TARGET = 9.2;
				MTL_ENABLE_DEBUG_INFO = NO;
				SDKROOT = iphoneos;
				TARGETED_DEVICE_FAMILY = "1,2";
				VALIDATE_PRODUCT = YES;
			};
			name = Release;
		};
		B47FC56F1C7A4412001EDFAF /* Debug */ = {
			isa = XCBuildConfiguration;
			buildSettings = {
				ASSETCATALOG_COMPILER_APPICON_NAME = AppIcon;
				CODE_SIGN_IDENTITY = "iPhone Developer";
				INFOPLIST_FILE = MyFlixDB/Info.plist;
				LD_RUNPATH_SEARCH_PATHS = "$(inherited) @executable_path/Frameworks";
				PRODUCT_BUNDLE_IDENTIFIER = com.blakeoistad.MyFlixDB;
				PRODUCT_NAME = "$(TARGET_NAME)";
			};
			name = Debug;
		};
		B47FC5701C7A4412001EDFAF /* Release */ = {
			isa = XCBuildConfiguration;
			buildSettings = {
				ASSETCATALOG_COMPILER_APPICON_NAME = AppIcon;
				CODE_SIGN_IDENTITY = "iPhone Developer";
				INFOPLIST_FILE = MyFlixDB/Info.plist;
				LD_RUNPATH_SEARCH_PATHS = "$(inherited) @executable_path/Frameworks";
				PRODUCT_BUNDLE_IDENTIFIER = com.blakeoistad.MyFlixDB;
				PRODUCT_NAME = "$(TARGET_NAME)";
			};
			name = Release;
		};
/* End XCBuildConfiguration section */

/* Begin XCConfigurationList section */
		B47FC5541C7A4412001EDFAF /* Build configuration list for PBXProject "MyFlixDB" */ = {
			isa = XCConfigurationList;
			buildConfigurations = (
				B47FC56C1C7A4412001EDFAF /* Debug */,
				B47FC56D1C7A4412001EDFAF /* Release */,
			);
			defaultConfigurationIsVisible = 0;
			defaultConfigurationName = Release;
		};
		B47FC56E1C7A4412001EDFAF /* Build configuration list for PBXNativeTarget "MyFlixDB" */ = {
			isa = XCConfigurationList;
			buildConfigurations = (
				B47FC56F1C7A4412001EDFAF /* Debug */,
				B47FC5701C7A4412001EDFAF /* Release */,
			);
			defaultConfigurationIsVisible = 0;
			defaultConfigurationName = Release;
		};
/* End XCConfigurationList section */

/* Begin XCVersionGroup section */
		B47FC5631C7A4412001EDFAF /* MyFlixDB.xcdatamodeld */ = {
			isa = XCVersionGroup;
			children = (
				B43A06EB1CA5B5390091BFB9 /* MyFlixDB 2.xcdatamodel */,
				B47FC5641C7A4412001EDFAF /* MyFlixDB.xcdatamodel */,
			);
			currentVersion = B43A06EB1CA5B5390091BFB9 /* MyFlixDB 2.xcdatamodel */;
			name = MyFlixDB.xcdatamodeld;
			path = MyFlixDB/MyFlixDB.xcdatamodeld;
			sourceTree = "<group>";
			versionGroupType = wrapper.xcdatamodel;
		};
/* End XCVersionGroup section */
	};
	rootObject = B47FC5511C7A4412001EDFAF /* Project object */;
}
