// !$*UTF8*$!
{
	archiveVersion = 1;
	classes = {
	};
	objectVersion = 46;
	objects = {

/* Begin PBXBuildFile section */
		B4019DD81C0A4B2E00411AF5 /* AppDelegate.swift in Sources */ = {isa = PBXBuildFile; fileRef = B4019DD71C0A4B2E00411AF5 /* AppDelegate.swift */; };
		B4019DDA1C0A4B2E00411AF5 /* ViewController.swift in Sources */ = {isa = PBXBuildFile; fileRef = B4019DD91C0A4B2E00411AF5 /* ViewController.swift */; };
		B4019DDD1C0A4B2E00411AF5 /* Main.storyboard in Resources */ = {isa = PBXBuildFile; fileRef = B4019DDB1C0A4B2E00411AF5 /* Main.storyboard */; };
		B4019DDF1C0A4B2E00411AF5 /* Assets.xcassets in Resources */ = {isa = PBXBuildFile; fileRef = B4019DDE1C0A4B2E00411AF5 /* Assets.xcassets */; };
		B4019DE21C0A4B2E00411AF5 /* LaunchScreen.storyboard in Resources */ = {isa = PBXBuildFile; fileRef = B4019DE01C0A4B2E00411AF5 /* LaunchScreen.storyboard */; };
		B4019DEA1C0A4E0900411AF5 /* Podcast.swift in Sources */ = {isa = PBXBuildFile; fileRef = B4019DE91C0A4E0900411AF5 /* Podcast.swift */; };
		B47ECF7A1C0CA53A007004FA /* XMLManager.swift in Sources */ = {isa = PBXBuildFile; fileRef = B47ECF791C0CA53A007004FA /* XMLManager.swift */; };
		B4DB241A1C0A75410099A1CA /* NetworkManager.swift in Sources */ = {isa = PBXBuildFile; fileRef = B4DB24191C0A75410099A1CA /* NetworkManager.swift */; };
		B4DB241E1C0A75CB0099A1CA /* Reachability.m in Sources */ = {isa = PBXBuildFile; fileRef = B4DB241D1C0A75CB0099A1CA /* Reachability.m */; };
		B4DB24201C0A81970099A1CA /* CustomTableViewCell.swift in Sources */ = {isa = PBXBuildFile; fileRef = B4DB241F1C0A81970099A1CA /* CustomTableViewCell.swift */; };
/* End PBXBuildFile section */

/* Begin PBXFileReference section */
		B4019DD41C0A4B2E00411AF5 /* xmlAGAIN.app */ = {isa = PBXFileReference; explicitFileType = wrapper.application; includeInIndex = 0; path = xmlAGAIN.app; sourceTree = BUILT_PRODUCTS_DIR; };
		B4019DD71C0A4B2E00411AF5 /* AppDelegate.swift */ = {isa = PBXFileReference; lastKnownFileType = sourcecode.swift; path = AppDelegate.swift; sourceTree = "<group>"; };
		B4019DD91C0A4B2E00411AF5 /* ViewController.swift */ = {isa = PBXFileReference; lastKnownFileType = sourcecode.swift; path = ViewController.swift; sourceTree = "<group>"; };
		B4019DDC1C0A4B2E00411AF5 /* Base */ = {isa = PBXFileReference; lastKnownFileType = file.storyboard; name = Base; path = Base.lproj/Main.storyboard; sourceTree = "<group>"; };
		B4019DDE1C0A4B2E00411AF5 /* Assets.xcassets */ = {isa = PBXFileReference; lastKnownFileType = folder.assetcatalog; path = Assets.xcassets; sourceTree = "<group>"; };
		B4019DE11C0A4B2E00411AF5 /* Base */ = {isa = PBXFileReference; lastKnownFileType = file.storyboard; name = Base; path = Base.lproj/LaunchScreen.storyboard; sourceTree = "<group>"; };
		B4019DE31C0A4B2E00411AF5 /* Info.plist */ = {isa = PBXFileReference; lastKnownFileType = text.plist.xml; path = Info.plist; sourceTree = "<group>"; };
		B4019DE91C0A4E0900411AF5 /* Podcast.swift */ = {isa = PBXFileReference; fileEncoding = 4; lastKnownFileType = sourcecode.swift; path = Podcast.swift; sourceTree = "<group>"; };
		B47ECF791C0CA53A007004FA /* XMLManager.swift */ = {isa = PBXFileReference; fileEncoding = 4; lastKnownFileType = sourcecode.swift; path = XMLManager.swift; sourceTree = "<group>"; };
		B4DB24191C0A75410099A1CA /* NetworkManager.swift */ = {isa = PBXFileReference; fileEncoding = 4; lastKnownFileType = sourcecode.swift; name = NetworkManager.swift; path = ../NetworkManager.swift; sourceTree = "<group>"; };
		B4DB241B1C0A75CA0099A1CA /* xmlAGAIN-Bridging-Header.h */ = {isa = PBXFileReference; lastKnownFileType = sourcecode.c.h; path = "xmlAGAIN-Bridging-Header.h"; sourceTree = "<group>"; };
		B4DB241C1C0A75CB0099A1CA /* Reachability.h */ = {isa = PBXFileReference; fileEncoding = 4; lastKnownFileType = sourcecode.c.h; path = Reachability.h; sourceTree = "<group>"; };
		B4DB241D1C0A75CB0099A1CA /* Reachability.m */ = {isa = PBXFileReference; fileEncoding = 4; lastKnownFileType = sourcecode.c.objc; path = Reachability.m; sourceTree = "<group>"; };
		B4DB241F1C0A81970099A1CA /* CustomTableViewCell.swift */ = {isa = PBXFileReference; fileEncoding = 4; lastKnownFileType = sourcecode.swift; path = CustomTableViewCell.swift; sourceTree = "<group>"; };
/* End PBXFileReference section */

/* Begin PBXFrameworksBuildPhase section */
		B4019DD11C0A4B2E00411AF5 /* Frameworks */ = {
			isa = PBXFrameworksBuildPhase;
			buildActionMask = 2147483647;
			files = (
			);
			runOnlyForDeploymentPostprocessing = 0;
		};
/* End PBXFrameworksBuildPhase section */

/* Begin PBXGroup section */
		B4019DCB1C0A4B2E00411AF5 = {
			isa = PBXGroup;
			children = (
				B4019DD61C0A4B2E00411AF5 /* xmlAGAIN */,
				B4019DD51C0A4B2E00411AF5 /* Products */,
			);
			sourceTree = "<group>";
		};
		B4019DD51C0A4B2E00411AF5 /* Products */ = {
			isa = PBXGroup;
			children = (
				B4019DD41C0A4B2E00411AF5 /* xmlAGAIN.app */,
			);
			name = Products;
			sourceTree = "<group>";
		};
		B4019DD61C0A4B2E00411AF5 /* xmlAGAIN */ = {
			isa = PBXGroup;
			children = (
				B4019DD71C0A4B2E00411AF5 /* AppDelegate.swift */,
				B4019DD91C0A4B2E00411AF5 /* ViewController.swift */,
				B47ECF7B1C0CA54D007004FA /* Managers/Data */,
				B4DB241F1C0A81970099A1CA /* CustomTableViewCell.swift */,
				B4019DDB1C0A4B2E00411AF5 /* Main.storyboard */,
				B4019DDE1C0A4B2E00411AF5 /* Assets.xcassets */,
				B4019DE01C0A4B2E00411AF5 /* LaunchScreen.storyboard */,
				B4019DE31C0A4B2E00411AF5 /* Info.plist */,
				B4DB241B1C0A75CA0099A1CA /* xmlAGAIN-Bridging-Header.h */,
			);
			path = xmlAGAIN;
			sourceTree = "<group>";
		};
		B47ECF7B1C0CA54D007004FA /* Managers/Data */ = {
			isa = PBXGroup;
			children = (
				B4DB24191C0A75410099A1CA /* NetworkManager.swift */,
				B47ECF791C0CA53A007004FA /* XMLManager.swift */,
				B4019DE91C0A4E0900411AF5 /* Podcast.swift */,
				B4DB241C1C0A75CB0099A1CA /* Reachability.h */,
				B4DB241D1C0A75CB0099A1CA /* Reachability.m */,
			);
			name = Managers/Data;
			sourceTree = "<group>";
		};
/* End PBXGroup section */

/* Begin PBXNativeTarget section */
		B4019DD31C0A4B2E00411AF5 /* xmlAGAIN */ = {
			isa = PBXNativeTarget;
			buildConfigurationList = B4019DE61C0A4B2E00411AF5 /* Build configuration list for PBXNativeTarget "xmlAGAIN" */;
			buildPhases = (
				B4019DD01C0A4B2E00411AF5 /* Sources */,
				B4019DD11C0A4B2E00411AF5 /* Frameworks */,
				B4019DD21C0A4B2E00411AF5 /* Resources */,
			);
			buildRules = (
			);
			dependencies = (
			);
			name = xmlAGAIN;
			productName = xmlAGAIN;
			productReference = B4019DD41C0A4B2E00411AF5 /* xmlAGAIN.app */;
			productType = "com.apple.product-type.application";
		};
/* End PBXNativeTarget section */

/* Begin PBXProject section */
		B4019DCC1C0A4B2E00411AF5 /* Project object */ = {
			isa = PBXProject;
			attributes = {
				LastSwiftUpdateCheck = 0710;
				LastUpgradeCheck = 0710;
				ORGANIZATIONNAME = "Blake Oistad";
				TargetAttributes = {
					B4019DD31C0A4B2E00411AF5 = {
						CreatedOnToolsVersion = 7.1.1;
					};
				};
			};
			buildConfigurationList = B4019DCF1C0A4B2E00411AF5 /* Build configuration list for PBXProject "xmlAGAIN" */;
			compatibilityVersion = "Xcode 3.2";
			developmentRegion = English;
			hasScannedForEncodings = 0;
			knownRegions = (
				en,
				Base,
			);
			mainGroup = B4019DCB1C0A4B2E00411AF5;
			productRefGroup = B4019DD51C0A4B2E00411AF5 /* Products */;
			projectDirPath = "";
			projectRoot = "";
			targets = (
				B4019DD31C0A4B2E00411AF5 /* xmlAGAIN */,
			);
		};
/* End PBXProject section */

/* Begin PBXResourcesBuildPhase section */
		B4019DD21C0A4B2E00411AF5 /* Resources */ = {
			isa = PBXResourcesBuildPhase;
			buildActionMask = 2147483647;
			files = (
				B4019DE21C0A4B2E00411AF5 /* LaunchScreen.storyboard in Resources */,
				B4019DDF1C0A4B2E00411AF5 /* Assets.xcassets in Resources */,
				B4019DDD1C0A4B2E00411AF5 /* Main.storyboard in Resources */,
			);
			runOnlyForDeploymentPostprocessing = 0;
		};
/* End PBXResourcesBuildPhase section */

/* Begin PBXSourcesBuildPhase section */
		B4019DD01C0A4B2E00411AF5 /* Sources */ = {
			isa = PBXSourcesBuildPhase;
			buildActionMask = 2147483647;
			files = (
				B4DB24201C0A81970099A1CA /* CustomTableViewCell.swift in Sources */,
				B4DB241A1C0A75410099A1CA /* NetworkManager.swift in Sources */,
				B47ECF7A1C0CA53A007004FA /* XMLManager.swift in Sources */,
				B4019DDA1C0A4B2E00411AF5 /* ViewController.swift in Sources */,
				B4019DD81C0A4B2E00411AF5 /* AppDelegate.swift in Sources */,
				B4019DEA1C0A4E0900411AF5 /* Podcast.swift in Sources */,
				B4DB241E1C0A75CB0099A1CA /* Reachability.m in Sources */,
			);
			runOnlyForDeploymentPostprocessing = 0;
		};
/* End PBXSourcesBuildPhase section */

/* Begin PBXVariantGroup section */
		B4019DDB1C0A4B2E00411AF5 /* Main.storyboard */ = {
			isa = PBXVariantGroup;
			children = (
				B4019DDC1C0A4B2E00411AF5 /* Base */,
			);
			name = Main.storyboard;
			sourceTree = "<group>";
		};
		B4019DE01C0A4B2E00411AF5 /* LaunchScreen.storyboard */ = {
			isa = PBXVariantGroup;
			children = (
				B4019DE11C0A4B2E00411AF5 /* Base */,
			);
			name = LaunchScreen.storyboard;
			sourceTree = "<group>";
		};
/* End PBXVariantGroup section */

/* Begin XCBuildConfiguration section */
		B4019DE41C0A4B2E00411AF5 /* Debug */ = {
			isa = XCBuildConfiguration;
			buildSettings = {
				ALWAYS_SEARCH_USER_PATHS = NO;
				CLANG_CXX_LANGUAGE_STANDARD = "gnu++0x";
				CLANG_CXX_LIBRARY = "libc++";
				CLANG_ENABLE_MODULES = YES;
				CLANG_ENABLE_OBJC_ARC = YES;
				CLANG_WARN_BOOL_CONVERSION = YES;
				CLANG_WARN_CONSTANT_CONVERSION = YES;
				CLANG_WARN_DIRECT_OBJC_ISA_USAGE = YES_ERROR;
				CLANG_WARN_EMPTY_BODY = YES;
				CLANG_WARN_ENUM_CONVERSION = YES;
				CLANG_WARN_INT_CONVERSION = YES;
				CLANG_WARN_OBJC_ROOT_CLASS = YES_ERROR;
				CLANG_WARN_UNREACHABLE_CODE = YES;
				CLANG_WARN__DUPLICATE_METHOD_MATCH = YES;
				"CODE_SIGN_IDENTITY[sdk=iphoneos*]" = "iPhone Developer";
				COPY_PHASE_STRIP = NO;
				DEBUG_INFORMATION_FORMAT = dwarf;
				ENABLE_STRICT_OBJC_MSGSEND = YES;
				ENABLE_TESTABILITY = YES;
				GCC_C_LANGUAGE_STANDARD = gnu99;
				GCC_DYNAMIC_NO_PIC = NO;
				GCC_NO_COMMON_BLOCKS = YES;
				GCC_OPTIMIZATION_LEVEL = 0;
				GCC_PREPROCESSOR_DEFINITIONS = (
					"DEBUG=1",
					"$(inherited)",
				);
				GCC_WARN_64_TO_32_BIT_CONVERSION = YES;
				GCC_WARN_ABOUT_RETURN_TYPE = YES_ERROR;
				GCC_WARN_UNDECLARED_SELECTOR = YES;
				GCC_WARN_UNINITIALIZED_AUTOS = YES_AGGRESSIVE;
				GCC_WARN_UNUSED_FUNCTION = YES;
				GCC_WARN_UNUSED_VARIABLE = YES;
				IPHONEOS_DEPLOYMENT_TARGET = 9.1;
				MTL_ENABLE_DEBUG_INFO = YES;
				ONLY_ACTIVE_ARCH = YES;
				SDKROOT = iphoneos;
				SWIFT_OPTIMIZATION_LEVEL = "-Onone";
			};
			name = Debug;
		};
		B4019DE51C0A4B2E00411AF5 /* Release */ = {
			isa = XCBuildConfiguration;
			buildSettings = {
				ALWAYS_SEARCH_USER_PATHS = NO;
				CLANG_CXX_LANGUAGE_STANDARD = "gnu++0x";
				CLANG_CXX_LIBRARY = "libc++";
				CLANG_ENABLE_MODULES = YES;
				CLANG_ENABLE_OBJC_ARC = YES;
				CLANG_WARN_BOOL_CONVERSION = YES;
				CLANG_WARN_CONSTANT_CONVERSION = YES;
				CLANG_WARN_DIRECT_OBJC_ISA_USAGE = YES_ERROR;
				CLANG_WARN_EMPTY_BODY = YES;
				CLANG_WARN_ENUM_CONVERSION = YES;
				CLANG_WARN_INT_CONVERSION = YES;
				CLANG_WARN_OBJC_ROOT_CLASS = YES_ERROR;
				CLANG_WARN_UNREACHABLE_CODE = YES;
				CLANG_WARN__DUPLICATE_METHOD_MATCH = YES;
				"CODE_SIGN_IDENTITY[sdk=iphoneos*]" = "iPhone Developer";
				COPY_PHASE_STRIP = NO;
				DEBUG_INFORMATION_FORMAT = "dwarf-with-dsym";
				ENABLE_NS_ASSERTIONS = NO;
				ENABLE_STRICT_OBJC_MSGSEND = YES;
				GCC_C_LANGUAGE_STANDARD = gnu99;
				GCC_NO_COMMON_BLOCKS = YES;
				GCC_WARN_64_TO_32_BIT_CONVERSION = YES;
				GCC_WARN_ABOUT_RETURN_TYPE = YES_ERROR;
				GCC_WARN_UNDECLARED_SELECTOR = YES;
				GCC_WARN_UNINITIALIZED_AUTOS = YES_AGGRESSIVE;
				GCC_WARN_UNUSED_FUNCTION = YES;
				GCC_WARN_UNUSED_VARIABLE = YES;
				IPHONEOS_DEPLOYMENT_TARGET = 9.1;
				MTL_ENABLE_DEBUG_INFO = NO;
				SDKROOT = iphoneos;
				VALIDATE_PRODUCT = YES;
			};
			name = Release;
		};
		B4019DE71C0A4B2E00411AF5 /* Debug */ = {
			isa = XCBuildConfiguration;
			buildSettings = {
				ASSETCATALOG_COMPILER_APPICON_NAME = AppIcon;
				CLANG_ENABLE_MODULES = YES;
				INFOPLIST_FILE = xmlAGAIN/Info.plist;
				LD_RUNPATH_SEARCH_PATHS = "$(inherited) @executable_path/Frameworks";
				PRODUCT_BUNDLE_IDENTIFIER = com.blakeoistad.xmlAGAIN;
				PRODUCT_NAME = "$(TARGET_NAME)";
				SWIFT_OBJC_BRIDGING_HEADER = "xmlAGAIN/xmlAGAIN-Bridging-Header.h";
				SWIFT_OPTIMIZATION_LEVEL = "-Onone";
			};
			name = Debug;
		};
		B4019DE81C0A4B2E00411AF5 /* Release */ = {
			isa = XCBuildConfiguration;
			buildSettings = {
				ASSETCATALOG_COMPILER_APPICON_NAME = AppIcon;
				CLANG_ENABLE_MODULES = YES;
				INFOPLIST_FILE = xmlAGAIN/Info.plist;
				LD_RUNPATH_SEARCH_PATHS = "$(inherited) @executable_path/Frameworks";
				PRODUCT_BUNDLE_IDENTIFIER = com.blakeoistad.xmlAGAIN;
				PRODUCT_NAME = "$(TARGET_NAME)";
				SWIFT_OBJC_BRIDGING_HEADER = "xmlAGAIN/xmlAGAIN-Bridging-Header.h";
			};
			name = Release;
		};
/* End XCBuildConfiguration section */

/* Begin XCConfigurationList section */
		B4019DCF1C0A4B2E00411AF5 /* Build configuration list for PBXProject "xmlAGAIN" */ = {
			isa = XCConfigurationList;
			buildConfigurations = (
				B4019DE41C0A4B2E00411AF5 /* Debug */,
				B4019DE51C0A4B2E00411AF5 /* Release */,
			);
			defaultConfigurationIsVisible = 0;
			defaultConfigurationName = Release;
		};
		B4019DE61C0A4B2E00411AF5 /* Build configuration list for PBXNativeTarget "xmlAGAIN" */ = {
			isa = XCConfigurationList;
			buildConfigurations = (
				B4019DE71C0A4B2E00411AF5 /* Debug */,
				B4019DE81C0A4B2E00411AF5 /* Release */,
			);
			defaultConfigurationIsVisible = 0;
			defaultConfigurationName = Release;
		};
/* End XCConfigurationList section */
	};
	rootObject = B4019DCC1C0A4B2E00411AF5 /* Project object */;
}
