// !$*UTF8*$!
{
	archiveVersion = 1;
	classes = {
	};
	objectVersion = 46;
	objects = {

/* Begin PBXBuildFile section */
		05C5E54EBA8832247FAC84FA /* Pods_jrx.framework in Frameworks */ = {isa = PBXBuildFile; fileRef = EA6A56AC89D0192D54DB4454 /* Pods_jrx.framework */; };
		A2268BCCA6E834483790E5A9 /* Pods_jrxUITests.framework in Frameworks */ = {isa = PBXBuildFile; fileRef = AA9D912E529297F7215FA1BF /* Pods_jrxUITests.framework */; };
		B409B9111CBC3EBB00BBA7CE /* NetworkManager.swift in Sources */ = {isa = PBXBuildFile; fileRef = B409B9101CBC3EBB00BBA7CE /* NetworkManager.swift */; };
		B409B9131CBC401000BBA7CE /* PlayerManager.swift in Sources */ = {isa = PBXBuildFile; fileRef = B409B9121CBC401000BBA7CE /* PlayerManager.swift */; };
		B409B9151CBC40C800BBA7CE /* PlayerViewController.swift in Sources */ = {isa = PBXBuildFile; fileRef = B409B9141CBC40C800BBA7CE /* PlayerViewController.swift */; };
		B4613BA01CBB1E05002A156E /* AppDelegate.swift in Sources */ = {isa = PBXBuildFile; fileRef = B4613B9F1CBB1E05002A156E /* AppDelegate.swift */; };
		B4613BA51CBB1E05002A156E /* Main.storyboard in Resources */ = {isa = PBXBuildFile; fileRef = B4613BA31CBB1E05002A156E /* Main.storyboard */; };
		B4613BA81CBB1E05002A156E /* jrx.xcdatamodeld in Sources */ = {isa = PBXBuildFile; fileRef = B4613BA61CBB1E05002A156E /* jrx.xcdatamodeld */; };
		B4613BAA1CBB1E05002A156E /* Assets.xcassets in Resources */ = {isa = PBXBuildFile; fileRef = B4613BA91CBB1E05002A156E /* Assets.xcassets */; };
		B4613BAD1CBB1E05002A156E /* LaunchScreen.storyboard in Resources */ = {isa = PBXBuildFile; fileRef = B4613BAB1CBB1E05002A156E /* LaunchScreen.storyboard */; };
		B4613BB81CBB1E05002A156E /* jrxTests.swift in Sources */ = {isa = PBXBuildFile; fileRef = B4613BB71CBB1E05002A156E /* jrxTests.swift */; };
		B4613BC31CBB1E05002A156E /* jrxUITests.swift in Sources */ = {isa = PBXBuildFile; fileRef = B4613BC21CBB1E05002A156E /* jrxUITests.swift */; };
		B4613BD11CBB1E4A002A156E /* DataManager.swift in Sources */ = {isa = PBXBuildFile; fileRef = B4613BD01CBB1E4A002A156E /* DataManager.swift */; };
		B4613BD31CBB1E61002A156E /* FeedManager.swift in Sources */ = {isa = PBXBuildFile; fileRef = B4613BD21CBB1E61002A156E /* FeedManager.swift */; };
		B48B007F1CBC3B090040D7B4 /* MainViewController.swift in Sources */ = {isa = PBXBuildFile; fileRef = B48B007E1CBC3B090040D7B4 /* MainViewController.swift */; };
		B4A12BFB1CD518BA009BB343 /* Episode+CoreDataProperties.swift in Sources */ = {isa = PBXBuildFile; fileRef = B4A12BF91CD518BA009BB343 /* Episode+CoreDataProperties.swift */; };
		B4A12BFC1CD518BA009BB343 /* Episode.swift in Sources */ = {isa = PBXBuildFile; fileRef = B4A12BFA1CD518BA009BB343 /* Episode.swift */; };
		ECBF76348B6A1CC2C81AEA6C /* Pods_jrxTests.framework in Frameworks */ = {isa = PBXBuildFile; fileRef = F175CBB4AB308A684CE810AD /* Pods_jrxTests.framework */; };
/* End PBXBuildFile section */

/* Begin PBXContainerItemProxy section */
		B4613BB41CBB1E05002A156E /* PBXContainerItemProxy */ = {
			isa = PBXContainerItemProxy;
			containerPortal = B4613B941CBB1E05002A156E /* Project object */;
			proxyType = 1;
			remoteGlobalIDString = B4613B9B1CBB1E05002A156E;
			remoteInfo = jrx;
		};
		B4613BBF1CBB1E05002A156E /* PBXContainerItemProxy */ = {
			isa = PBXContainerItemProxy;
			containerPortal = B4613B941CBB1E05002A156E /* Project object */;
			proxyType = 1;
			remoteGlobalIDString = B4613B9B1CBB1E05002A156E;
			remoteInfo = jrx;
		};
/* End PBXContainerItemProxy section */

/* Begin PBXFileReference section */
		16234CCB4C13A5FA29AA518B /* Pods-jrxTests.debug.xcconfig */ = {isa = PBXFileReference; includeInIndex = 1; lastKnownFileType = text.xcconfig; name = "Pods-jrxTests.debug.xcconfig"; path = "Pods/Target Support Files/Pods-jrxTests/Pods-jrxTests.debug.xcconfig"; sourceTree = "<group>"; };
		1FBE67C23934BABC85EA4963 /* Pods-jrx.debug.xcconfig */ = {isa = PBXFileReference; includeInIndex = 1; lastKnownFileType = text.xcconfig; name = "Pods-jrx.debug.xcconfig"; path = "Pods/Target Support Files/Pods-jrx/Pods-jrx.debug.xcconfig"; sourceTree = "<group>"; };
		32B8C9C633953E4A8F7D4EAC /* Pods-jrxTests.release.xcconfig */ = {isa = PBXFileReference; includeInIndex = 1; lastKnownFileType = text.xcconfig; name = "Pods-jrxTests.release.xcconfig"; path = "Pods/Target Support Files/Pods-jrxTests/Pods-jrxTests.release.xcconfig"; sourceTree = "<group>"; };
		47076C3C4F9E98834EE31A71 /* Pods-jrx.release.xcconfig */ = {isa = PBXFileReference; includeInIndex = 1; lastKnownFileType = text.xcconfig; name = "Pods-jrx.release.xcconfig"; path = "Pods/Target Support Files/Pods-jrx/Pods-jrx.release.xcconfig"; sourceTree = "<group>"; };
		8E4ED601D20CD557FE1265D3 /* Pods-jrxUITests.debug.xcconfig */ = {isa = PBXFileReference; includeInIndex = 1; lastKnownFileType = text.xcconfig; name = "Pods-jrxUITests.debug.xcconfig"; path = "Pods/Target Support Files/Pods-jrxUITests/Pods-jrxUITests.debug.xcconfig"; sourceTree = "<group>"; };
		AA9D912E529297F7215FA1BF /* Pods_jrxUITests.framework */ = {isa = PBXFileReference; explicitFileType = wrapper.framework; includeInIndex = 0; path = Pods_jrxUITests.framework; sourceTree = BUILT_PRODUCTS_DIR; };
		B409B9101CBC3EBB00BBA7CE /* NetworkManager.swift */ = {isa = PBXFileReference; fileEncoding = 4; lastKnownFileType = sourcecode.swift; path = NetworkManager.swift; sourceTree = "<group>"; };
		B409B9121CBC401000BBA7CE /* PlayerManager.swift */ = {isa = PBXFileReference; fileEncoding = 4; lastKnownFileType = sourcecode.swift; path = PlayerManager.swift; sourceTree = "<group>"; };
		B409B9141CBC40C800BBA7CE /* PlayerViewController.swift */ = {isa = PBXFileReference; fileEncoding = 4; lastKnownFileType = sourcecode.swift; path = PlayerViewController.swift; sourceTree = "<group>"; };
		B4613B9C1CBB1E05002A156E /* jrx.app */ = {isa = PBXFileReference; explicitFileType = wrapper.application; includeInIndex = 0; path = jrx.app; sourceTree = BUILT_PRODUCTS_DIR; };
		B4613B9F1CBB1E05002A156E /* AppDelegate.swift */ = {isa = PBXFileReference; lastKnownFileType = sourcecode.swift; path = AppDelegate.swift; sourceTree = "<group>"; };
		B4613BA41CBB1E05002A156E /* Base */ = {isa = PBXFileReference; lastKnownFileType = file.storyboard; name = Base; path = Base.lproj/Main.storyboard; sourceTree = "<group>"; };
		B4613BA71CBB1E05002A156E /* jrx.xcdatamodel */ = {isa = PBXFileReference; lastKnownFileType = wrapper.xcdatamodel; path = jrx.xcdatamodel; sourceTree = "<group>"; };
		B4613BA91CBB1E05002A156E /* Assets.xcassets */ = {isa = PBXFileReference; lastKnownFileType = folder.assetcatalog; path = Assets.xcassets; sourceTree = "<group>"; };
		B4613BAC1CBB1E05002A156E /* Base */ = {isa = PBXFileReference; lastKnownFileType = file.storyboard; name = Base; path = Base.lproj/LaunchScreen.storyboard; sourceTree = "<group>"; };
		B4613BAE1CBB1E05002A156E /* Info.plist */ = {isa = PBXFileReference; lastKnownFileType = text.plist.xml; path = Info.plist; sourceTree = "<group>"; };
		B4613BB31CBB1E05002A156E /* jrxTests.xctest */ = {isa = PBXFileReference; explicitFileType = wrapper.cfbundle; includeInIndex = 0; path = jrxTests.xctest; sourceTree = BUILT_PRODUCTS_DIR; };
		B4613BB71CBB1E05002A156E /* jrxTests.swift */ = {isa = PBXFileReference; lastKnownFileType = sourcecode.swift; path = jrxTests.swift; sourceTree = "<group>"; };
		B4613BB91CBB1E05002A156E /* Info.plist */ = {isa = PBXFileReference; lastKnownFileType = text.plist.xml; path = Info.plist; sourceTree = "<group>"; };
		B4613BBE1CBB1E05002A156E /* jrxUITests.xctest */ = {isa = PBXFileReference; explicitFileType = wrapper.cfbundle; includeInIndex = 0; path = jrxUITests.xctest; sourceTree = BUILT_PRODUCTS_DIR; };
		B4613BC21CBB1E05002A156E /* jrxUITests.swift */ = {isa = PBXFileReference; lastKnownFileType = sourcecode.swift; path = jrxUITests.swift; sourceTree = "<group>"; };
		B4613BC41CBB1E05002A156E /* Info.plist */ = {isa = PBXFileReference; lastKnownFileType = text.plist.xml; path = Info.plist; sourceTree = "<group>"; };
		B4613BD01CBB1E4A002A156E /* DataManager.swift */ = {isa = PBXFileReference; fileEncoding = 4; lastKnownFileType = sourcecode.swift; name = DataManager.swift; path = ../DataManager.swift; sourceTree = "<group>"; };
		B4613BD21CBB1E61002A156E /* FeedManager.swift */ = {isa = PBXFileReference; fileEncoding = 4; lastKnownFileType = sourcecode.swift; name = FeedManager.swift; path = ../FeedManager.swift; sourceTree = "<group>"; };
		B48B007E1CBC3B090040D7B4 /* MainViewController.swift */ = {isa = PBXFileReference; fileEncoding = 4; lastKnownFileType = sourcecode.swift; path = MainViewController.swift; sourceTree = "<group>"; };
		B4A12BF91CD518BA009BB343 /* Episode+CoreDataProperties.swift */ = {isa = PBXFileReference; fileEncoding = 4; lastKnownFileType = sourcecode.swift; path = "Episode+CoreDataProperties.swift"; sourceTree = "<group>"; };
		B4A12BFA1CD518BA009BB343 /* Episode.swift */ = {isa = PBXFileReference; fileEncoding = 4; lastKnownFileType = sourcecode.swift; path = Episode.swift; sourceTree = "<group>"; };
		EA6A56AC89D0192D54DB4454 /* Pods_jrx.framework */ = {isa = PBXFileReference; explicitFileType = wrapper.framework; includeInIndex = 0; path = Pods_jrx.framework; sourceTree = BUILT_PRODUCTS_DIR; };
		EDF34CF2AC440F29B760583C /* Pods-jrxUITests.release.xcconfig */ = {isa = PBXFileReference; includeInIndex = 1; lastKnownFileType = text.xcconfig; name = "Pods-jrxUITests.release.xcconfig"; path = "Pods/Target Support Files/Pods-jrxUITests/Pods-jrxUITests.release.xcconfig"; sourceTree = "<group>"; };
		F175CBB4AB308A684CE810AD /* Pods_jrxTests.framework */ = {isa = PBXFileReference; explicitFileType = wrapper.framework; includeInIndex = 0; path = Pods_jrxTests.framework; sourceTree = BUILT_PRODUCTS_DIR; };
/* End PBXFileReference section */

/* Begin PBXFrameworksBuildPhase section */
		B4613B991CBB1E05002A156E /* Frameworks */ = {
			isa = PBXFrameworksBuildPhase;
			buildActionMask = 2147483647;
			files = (
				05C5E54EBA8832247FAC84FA /* Pods_jrx.framework in Frameworks */,
			);
			runOnlyForDeploymentPostprocessing = 0;
		};
		B4613BB01CBB1E05002A156E /* Frameworks */ = {
			isa = PBXFrameworksBuildPhase;
			buildActionMask = 2147483647;
			files = (
				ECBF76348B6A1CC2C81AEA6C /* Pods_jrxTests.framework in Frameworks */,
			);
			runOnlyForDeploymentPostprocessing = 0;
		};
		B4613BBB1CBB1E05002A156E /* Frameworks */ = {
			isa = PBXFrameworksBuildPhase;
			buildActionMask = 2147483647;
			files = (
				A2268BCCA6E834483790E5A9 /* Pods_jrxUITests.framework in Frameworks */,
			);
			runOnlyForDeploymentPostprocessing = 0;
		};
/* End PBXFrameworksBuildPhase section */

/* Begin PBXGroup section */
		1FF9CE88ED910A52AB23A5F6 /* Frameworks */ = {
			isa = PBXGroup;
			children = (
				EA6A56AC89D0192D54DB4454 /* Pods_jrx.framework */,
				F175CBB4AB308A684CE810AD /* Pods_jrxTests.framework */,
				AA9D912E529297F7215FA1BF /* Pods_jrxUITests.framework */,
			);
			name = Frameworks;
			sourceTree = "<group>";
		};
		87E8D5603065D1CF4356DFA0 /* Pods */ = {
			isa = PBXGroup;
			children = (
				1FBE67C23934BABC85EA4963 /* Pods-jrx.debug.xcconfig */,
				47076C3C4F9E98834EE31A71 /* Pods-jrx.release.xcconfig */,
				16234CCB4C13A5FA29AA518B /* Pods-jrxTests.debug.xcconfig */,
				32B8C9C633953E4A8F7D4EAC /* Pods-jrxTests.release.xcconfig */,
				8E4ED601D20CD557FE1265D3 /* Pods-jrxUITests.debug.xcconfig */,
				EDF34CF2AC440F29B760583C /* Pods-jrxUITests.release.xcconfig */,
			);
			name = Pods;
			sourceTree = "<group>";
		};
		B409B90F1CBC3E4D00BBA7CE /* Storyboards */ = {
			isa = PBXGroup;
			children = (
				B4613BA31CBB1E05002A156E /* Main.storyboard */,
				B4613BAB1CBB1E05002A156E /* LaunchScreen.storyboard */,
			);
			name = Storyboards;
			sourceTree = "<group>";
		};
		B409B9161CBC40CC00BBA7CE /* ViewControllers */ = {
			isa = PBXGroup;
			children = (
				B48B007E1CBC3B090040D7B4 /* MainViewController.swift */,
				B409B9141CBC40C800BBA7CE /* PlayerViewController.swift */,
			);
			name = ViewControllers;
			sourceTree = "<group>";
		};
		B4613B931CBB1E05002A156E = {
			isa = PBXGroup;
			children = (
				B4613B9E1CBB1E05002A156E /* jrx */,
				B4613BB61CBB1E05002A156E /* jrxTests */,
				B4613BC11CBB1E05002A156E /* jrxUITests */,
				B4613B9D1CBB1E05002A156E /* Products */,
				87E8D5603065D1CF4356DFA0 /* Pods */,
				1FF9CE88ED910A52AB23A5F6 /* Frameworks */,
			);
			sourceTree = "<group>";
		};
		B4613B9D1CBB1E05002A156E /* Products */ = {
			isa = PBXGroup;
			children = (
				B4613B9C1CBB1E05002A156E /* jrx.app */,
				B4613BB31CBB1E05002A156E /* jrxTests.xctest */,
				B4613BBE1CBB1E05002A156E /* jrxUITests.xctest */,
			);
			name = Products;
			sourceTree = "<group>";
		};
		B4613B9E1CBB1E05002A156E /* jrx */ = {
			isa = PBXGroup;
			children = (
				B4613BD41CBB1E78002A156E /* Data */,
				B4613B9F1CBB1E05002A156E /* AppDelegate.swift */,
				B409B9161CBC40CC00BBA7CE /* ViewControllers */,
				B4613BA91CBB1E05002A156E /* Assets.xcassets */,
				B409B90F1CBC3E4D00BBA7CE /* Storyboards */,
			);
			path = jrx;
			sourceTree = "<group>";
		};
		B4613BB61CBB1E05002A156E /* jrxTests */ = {
			isa = PBXGroup;
			children = (
				B4613BB71CBB1E05002A156E /* jrxTests.swift */,
				B4613BB91CBB1E05002A156E /* Info.plist */,
			);
			path = jrxTests;
			sourceTree = "<group>";
		};
		B4613BC11CBB1E05002A156E /* jrxUITests */ = {
			isa = PBXGroup;
			children = (
				B4613BC21CBB1E05002A156E /* jrxUITests.swift */,
				B4613BC41CBB1E05002A156E /* Info.plist */,
			);
			path = jrxUITests;
			sourceTree = "<group>";
		};
		B4613BD41CBB1E78002A156E /* Data */ = {
			isa = PBXGroup;
			children = (
				B4A12BF91CD518BA009BB343 /* Episode+CoreDataProperties.swift */,
				B4A12BFA1CD518BA009BB343 /* Episode.swift */,
				B409B9101CBC3EBB00BBA7CE /* NetworkManager.swift */,
				B4613BD21CBB1E61002A156E /* FeedManager.swift */,
				B4613BD01CBB1E4A002A156E /* DataManager.swift */,
				B409B9121CBC401000BBA7CE /* PlayerManager.swift */,
				B4613BAE1CBB1E05002A156E /* Info.plist */,
				B4613BA61CBB1E05002A156E /* jrx.xcdatamodeld */,
			);
			name = Data;
			sourceTree = "<group>";
		};
/* End PBXGroup section */

/* Begin PBXNativeTarget section */
		B4613B9B1CBB1E05002A156E /* jrx */ = {
			isa = PBXNativeTarget;
			buildConfigurationList = B4613BC71CBB1E05002A156E /* Build configuration list for PBXNativeTarget "jrx" */;
			buildPhases = (
				254735F4B88D699AE0CA185F /* Check Pods Manifest.lock */,
				B4613B981CBB1E05002A156E /* Sources */,
				B4613B991CBB1E05002A156E /* Frameworks */,
				B4613B9A1CBB1E05002A156E /* Resources */,
				CFFDC8C6E5DC9ABA0F04A958 /* Embed Pods Frameworks */,
				D0698B577569D0565352450F /* Copy Pods Resources */,
			);
			buildRules = (
			);
			dependencies = (
			);
			name = jrx;
			productName = jrx;
			productReference = B4613B9C1CBB1E05002A156E /* jrx.app */;
			productType = "com.apple.product-type.application";
		};
		B4613BB21CBB1E05002A156E /* jrxTests */ = {
			isa = PBXNativeTarget;
			buildConfigurationList = B4613BCA1CBB1E05002A156E /* Build configuration list for PBXNativeTarget "jrxTests" */;
			buildPhases = (
				A7033A1DA146FECEE4941B3F /* Check Pods Manifest.lock */,
				B4613BAF1CBB1E05002A156E /* Sources */,
				B4613BB01CBB1E05002A156E /* Frameworks */,
				B4613BB11CBB1E05002A156E /* Resources */,
				AE4D2D42AB4D9120E4A74DE0 /* Embed Pods Frameworks */,
				46ABEC98C66DE5747D7E72A5 /* Copy Pods Resources */,
			);
			buildRules = (
			);
			dependencies = (
				B4613BB51CBB1E05002A156E /* PBXTargetDependency */,
			);
			name = jrxTests;
			productName = jrxTests;
			productReference = B4613BB31CBB1E05002A156E /* jrxTests.xctest */;
			productType = "com.apple.product-type.bundle.unit-test";
		};
		B4613BBD1CBB1E05002A156E /* jrxUITests */ = {
			isa = PBXNativeTarget;
			buildConfigurationList = B4613BCD1CBB1E05002A156E /* Build configuration list for PBXNativeTarget "jrxUITests" */;
			buildPhases = (
				873A853402730B5C2E50A6F4 /* Check Pods Manifest.lock */,
				B4613BBA1CBB1E05002A156E /* Sources */,
				B4613BBB1CBB1E05002A156E /* Frameworks */,
				B4613BBC1CBB1E05002A156E /* Resources */,
				DC79EB7CCF6A231BA4C4DF36 /* Copy Pods Resources */,
			);
			buildRules = (
			);
			dependencies = (
				B4613BC01CBB1E05002A156E /* PBXTargetDependency */,
			);
			name = jrxUITests;
			productName = jrxUITests;
			productReference = B4613BBE1CBB1E05002A156E /* jrxUITests.xctest */;
			productType = "com.apple.product-type.bundle.ui-testing";
		};
/* End PBXNativeTarget section */

/* Begin PBXProject section */
		B4613B941CBB1E05002A156E /* Project object */ = {
			isa = PBXProject;
			attributes = {
				LastSwiftUpdateCheck = 0730;
				LastUpgradeCheck = 0730;
				ORGANIZATIONNAME = "Blake Oistad";
				TargetAttributes = {
					B4613B9B1CBB1E05002A156E = {
						CreatedOnToolsVersion = 7.3;
						DevelopmentTeam = GHHBHG4T97;
					};
					B4613BB21CBB1E05002A156E = {
						CreatedOnToolsVersion = 7.3;
						TestTargetID = B4613B9B1CBB1E05002A156E;
					};
					B4613BBD1CBB1E05002A156E = {
						CreatedOnToolsVersion = 7.3;
						TestTargetID = B4613B9B1CBB1E05002A156E;
					};
				};
			};
			buildConfigurationList = B4613B971CBB1E05002A156E /* Build configuration list for PBXProject "jrx" */;
			compatibilityVersion = "Xcode 3.2";
			developmentRegion = English;
			hasScannedForEncodings = 0;
			knownRegions = (
				en,
				Base,
			);
			mainGroup = B4613B931CBB1E05002A156E;
			productRefGroup = B4613B9D1CBB1E05002A156E /* Products */;
			projectDirPath = "";
			projectRoot = "";
			targets = (
				B4613B9B1CBB1E05002A156E /* jrx */,
				B4613BB21CBB1E05002A156E /* jrxTests */,
				B4613BBD1CBB1E05002A156E /* jrxUITests */,
			);
		};
/* End PBXProject section */

/* Begin PBXResourcesBuildPhase section */
		B4613B9A1CBB1E05002A156E /* Resources */ = {
			isa = PBXResourcesBuildPhase;
			buildActionMask = 2147483647;
			files = (
				B4613BAD1CBB1E05002A156E /* LaunchScreen.storyboard in Resources */,
				B4613BAA1CBB1E05002A156E /* Assets.xcassets in Resources */,
				B4613BA51CBB1E05002A156E /* Main.storyboard in Resources */,
			);
			runOnlyForDeploymentPostprocessing = 0;
		};
		B4613BB11CBB1E05002A156E /* Resources */ = {
			isa = PBXResourcesBuildPhase;
			buildActionMask = 2147483647;
			files = (
			);
			runOnlyForDeploymentPostprocessing = 0;
		};
		B4613BBC1CBB1E05002A156E /* Resources */ = {
			isa = PBXResourcesBuildPhase;
			buildActionMask = 2147483647;
			files = (
			);
			runOnlyForDeploymentPostprocessing = 0;
		};
/* End PBXResourcesBuildPhase section */

/* Begin PBXShellScriptBuildPhase section */
		254735F4B88D699AE0CA185F /* Check Pods Manifest.lock */ = {
			isa = PBXShellScriptBuildPhase;
			buildActionMask = 2147483647;
			files = (
			);
			inputPaths = (
			);
			name = "Check Pods Manifest.lock";
			outputPaths = (
			);
			runOnlyForDeploymentPostprocessing = 0;
			shellPath = /bin/sh;
			shellScript = "diff \"${PODS_ROOT}/../Podfile.lock\" \"${PODS_ROOT}/Manifest.lock\" > /dev/null\nif [[ $? != 0 ]] ; then\n    cat << EOM\nerror: The sandbox is not in sync with the Podfile.lock. Run 'pod install' or update your CocoaPods installation.\nEOM\n    exit 1\nfi\n";
			showEnvVarsInLog = 0;
		};
		46ABEC98C66DE5747D7E72A5 /* Copy Pods Resources */ = {
			isa = PBXShellScriptBuildPhase;
			buildActionMask = 2147483647;
			files = (
			);
			inputPaths = (
			);
			name = "Copy Pods Resources";
			outputPaths = (
			);
			runOnlyForDeploymentPostprocessing = 0;
			shellPath = /bin/sh;
			shellScript = "\"${SRCROOT}/Pods/Target Support Files/Pods-jrxTests/Pods-jrxTests-resources.sh\"\n";
			showEnvVarsInLog = 0;
		};
		873A853402730B5C2E50A6F4 /* Check Pods Manifest.lock */ = {
			isa = PBXShellScriptBuildPhase;
			buildActionMask = 2147483647;
			files = (
			);
			inputPaths = (
			);
			name = "Check Pods Manifest.lock";
			outputPaths = (
			);
			runOnlyForDeploymentPostprocessing = 0;
			shellPath = /bin/sh;
			shellScript = "diff \"${PODS_ROOT}/../Podfile.lock\" \"${PODS_ROOT}/Manifest.lock\" > /dev/null\nif [[ $? != 0 ]] ; then\n    cat << EOM\nerror: The sandbox is not in sync with the Podfile.lock. Run 'pod install' or update your CocoaPods installation.\nEOM\n    exit 1\nfi\n";
			showEnvVarsInLog = 0;
		};
		A7033A1DA146FECEE4941B3F /* Check Pods Manifest.lock */ = {
			isa = PBXShellScriptBuildPhase;
			buildActionMask = 2147483647;
			files = (
			);
			inputPaths = (
			);
			name = "Check Pods Manifest.lock";
			outputPaths = (
			);
			runOnlyForDeploymentPostprocessing = 0;
			shellPath = /bin/sh;
			shellScript = "diff \"${PODS_ROOT}/../Podfile.lock\" \"${PODS_ROOT}/Manifest.lock\" > /dev/null\nif [[ $? != 0 ]] ; then\n    cat << EOM\nerror: The sandbox is not in sync with the Podfile.lock. Run 'pod install' or update your CocoaPods installation.\nEOM\n    exit 1\nfi\n";
			showEnvVarsInLog = 0;
		};
		AE4D2D42AB4D9120E4A74DE0 /* Embed Pods Frameworks */ = {
			isa = PBXShellScriptBuildPhase;
			buildActionMask = 2147483647;
			files = (
			);
			inputPaths = (
			);
			name = "Embed Pods Frameworks";
			outputPaths = (
			);
			runOnlyForDeploymentPostprocessing = 0;
			shellPath = /bin/sh;
			shellScript = "\"${SRCROOT}/Pods/Target Support Files/Pods-jrxTests/Pods-jrxTests-frameworks.sh\"\n";
			showEnvVarsInLog = 0;
		};
		CFFDC8C6E5DC9ABA0F04A958 /* Embed Pods Frameworks */ = {
			isa = PBXShellScriptBuildPhase;
			buildActionMask = 2147483647;
			files = (
			);
			inputPaths = (
			);
			name = "Embed Pods Frameworks";
			outputPaths = (
			);
			runOnlyForDeploymentPostprocessing = 0;
			shellPath = /bin/sh;
			shellScript = "\"${SRCROOT}/Pods/Target Support Files/Pods-jrx/Pods-jrx-frameworks.sh\"\n";
			showEnvVarsInLog = 0;
		};
		D0698B577569D0565352450F /* Copy Pods Resources */ = {
			isa = PBXShellScriptBuildPhase;
			buildActionMask = 2147483647;
			files = (
			);
			inputPaths = (
			);
			name = "Copy Pods Resources";
			outputPaths = (
			);
			runOnlyForDeploymentPostprocessing = 0;
			shellPath = /bin/sh;
			shellScript = "\"${SRCROOT}/Pods/Target Support Files/Pods-jrx/Pods-jrx-resources.sh\"\n";
			showEnvVarsInLog = 0;
		};
		DC79EB7CCF6A231BA4C4DF36 /* Copy Pods Resources */ = {
			isa = PBXShellScriptBuildPhase;
			buildActionMask = 2147483647;
			files = (
			);
			inputPaths = (
			);
			name = "Copy Pods Resources";
			outputPaths = (
			);
			runOnlyForDeploymentPostprocessing = 0;
			shellPath = /bin/sh;
			shellScript = "\"${SRCROOT}/Pods/Target Support Files/Pods-jrxUITests/Pods-jrxUITests-resources.sh\"\n";
			showEnvVarsInLog = 0;
		};
/* End PBXShellScriptBuildPhase section */

/* Begin PBXSourcesBuildPhase section */
		B4613B981CBB1E05002A156E /* Sources */ = {
			isa = PBXSourcesBuildPhase;
			buildActionMask = 2147483647;
			files = (
				B4A12BFB1CD518BA009BB343 /* Episode+CoreDataProperties.swift in Sources */,
				B409B9111CBC3EBB00BBA7CE /* NetworkManager.swift in Sources */,
				B409B9151CBC40C800BBA7CE /* PlayerViewController.swift in Sources */,
				B4A12BFC1CD518BA009BB343 /* Episode.swift in Sources */,
				B4613BD31CBB1E61002A156E /* FeedManager.swift in Sources */,
				B4613BD11CBB1E4A002A156E /* DataManager.swift in Sources */,
				B409B9131CBC401000BBA7CE /* PlayerManager.swift in Sources */,
				B4613BA81CBB1E05002A156E /* jrx.xcdatamodeld in Sources */,
				B4613BA01CBB1E05002A156E /* AppDelegate.swift in Sources */,
				B48B007F1CBC3B090040D7B4 /* MainViewController.swift in Sources */,
			);
			runOnlyForDeploymentPostprocessing = 0;
		};
		B4613BAF1CBB1E05002A156E /* Sources */ = {
			isa = PBXSourcesBuildPhase;
			buildActionMask = 2147483647;
			files = (
				B4613BB81CBB1E05002A156E /* jrxTests.swift in Sources */,
			);
			runOnlyForDeploymentPostprocessing = 0;
		};
		B4613BBA1CBB1E05002A156E /* Sources */ = {
			isa = PBXSourcesBuildPhase;
			buildActionMask = 2147483647;
			files = (
				B4613BC31CBB1E05002A156E /* jrxUITests.swift in Sources */,
			);
			runOnlyForDeploymentPostprocessing = 0;
		};
/* End PBXSourcesBuildPhase section */

/* Begin PBXTargetDependency section */
		B4613BB51CBB1E05002A156E /* PBXTargetDependency */ = {
			isa = PBXTargetDependency;
			target = B4613B9B1CBB1E05002A156E /* jrx */;
			targetProxy = B4613BB41CBB1E05002A156E /* PBXContainerItemProxy */;
		};
		B4613BC01CBB1E05002A156E /* PBXTargetDependency */ = {
			isa = PBXTargetDependency;
			target = B4613B9B1CBB1E05002A156E /* jrx */;
			targetProxy = B4613BBF1CBB1E05002A156E /* PBXContainerItemProxy */;
		};
/* End PBXTargetDependency section */

/* Begin PBXVariantGroup section */
		B4613BA31CBB1E05002A156E /* Main.storyboard */ = {
			isa = PBXVariantGroup;
			children = (
				B4613BA41CBB1E05002A156E /* Base */,
			);
			name = Main.storyboard;
			sourceTree = "<group>";
		};
		B4613BAB1CBB1E05002A156E /* LaunchScreen.storyboard */ = {
			isa = PBXVariantGroup;
			children = (
				B4613BAC1CBB1E05002A156E /* Base */,
			);
			name = LaunchScreen.storyboard;
			sourceTree = "<group>";
		};
/* End PBXVariantGroup section */

/* Begin XCBuildConfiguration section */
		B4613BC51CBB1E05002A156E /* Debug */ = {
			isa = XCBuildConfiguration;
			buildSettings = {
				ALWAYS_SEARCH_USER_PATHS = NO;
				CLANG_ANALYZER_NONNULL = YES;
				CLANG_CXX_LANGUAGE_STANDARD = "gnu++0x";
				CLANG_CXX_LIBRARY = "libc++";
				CLANG_ENABLE_MODULES = YES;
				CLANG_ENABLE_OBJC_ARC = YES;
				CLANG_WARN_BOOL_CONVERSION = YES;
				CLANG_WARN_CONSTANT_CONVERSION = YES;
				CLANG_WARN_DIRECT_OBJC_ISA_USAGE = YES_ERROR;
				CLANG_WARN_EMPTY_BODY = YES;
				CLANG_WARN_ENUM_CONVERSION = YES;
				CLANG_WARN_INT_CONVERSION = YES;
				CLANG_WARN_OBJC_ROOT_CLASS = YES_ERROR;
				CLANG_WARN_UNREACHABLE_CODE = YES;
				CLANG_WARN__DUPLICATE_METHOD_MATCH = YES;
				"CODE_SIGN_IDENTITY[sdk=iphoneos*]" = "iPhone Developer";
				COPY_PHASE_STRIP = NO;
				DEBUG_INFORMATION_FORMAT = dwarf;
				ENABLE_STRICT_OBJC_MSGSEND = YES;
				ENABLE_TESTABILITY = YES;
				GCC_C_LANGUAGE_STANDARD = gnu99;
				GCC_DYNAMIC_NO_PIC = NO;
				GCC_NO_COMMON_BLOCKS = YES;
				GCC_OPTIMIZATION_LEVEL = 0;
				GCC_PREPROCESSOR_DEFINITIONS = (
					"DEBUG=1",
					"$(inherited)",
				);
				GCC_WARN_64_TO_32_BIT_CONVERSION = YES;
				GCC_WARN_ABOUT_RETURN_TYPE = YES_ERROR;
				GCC_WARN_UNDECLARED_SELECTOR = YES;
				GCC_WARN_UNINITIALIZED_AUTOS = YES_AGGRESSIVE;
				GCC_WARN_UNUSED_FUNCTION = YES;
				GCC_WARN_UNUSED_VARIABLE = YES;
				IPHONEOS_DEPLOYMENT_TARGET = 9.3;
				MTL_ENABLE_DEBUG_INFO = YES;
				ONLY_ACTIVE_ARCH = YES;
				SDKROOT = iphoneos;
				SWIFT_OPTIMIZATION_LEVEL = "-Onone";
				TARGETED_DEVICE_FAMILY = "1,2";
			};
			name = Debug;
		};
		B4613BC61CBB1E05002A156E /* Release */ = {
			isa = XCBuildConfiguration;
			buildSettings = {
				ALWAYS_SEARCH_USER_PATHS = NO;
				CLANG_ANALYZER_NONNULL = YES;
				CLANG_CXX_LANGUAGE_STANDARD = "gnu++0x";
				CLANG_CXX_LIBRARY = "libc++";
				CLANG_ENABLE_MODULES = YES;
				CLANG_ENABLE_OBJC_ARC = YES;
				CLANG_WARN_BOOL_CONVERSION = YES;
				CLANG_WARN_CONSTANT_CONVERSION = YES;
				CLANG_WARN_DIRECT_OBJC_ISA_USAGE = YES_ERROR;
				CLANG_WARN_EMPTY_BODY = YES;
				CLANG_WARN_ENUM_CONVERSION = YES;
				CLANG_WARN_INT_CONVERSION = YES;
				CLANG_WARN_OBJC_ROOT_CLASS = YES_ERROR;
				CLANG_WARN_UNREACHABLE_CODE = YES;
				CLANG_WARN__DUPLICATE_METHOD_MATCH = YES;
				"CODE_SIGN_IDENTITY[sdk=iphoneos*]" = "iPhone Developer";
				COPY_PHASE_STRIP = NO;
				DEBUG_INFORMATION_FORMAT = "dwarf-with-dsym";
				ENABLE_NS_ASSERTIONS = NO;
				ENABLE_STRICT_OBJC_MSGSEND = YES;
				GCC_C_LANGUAGE_STANDARD = gnu99;
				GCC_NO_COMMON_BLOCKS = YES;
				GCC_WARN_64_TO_32_BIT_CONVERSION = YES;
				GCC_WARN_ABOUT_RETURN_TYPE = YES_ERROR;
				GCC_WARN_UNDECLARED_SELECTOR = YES;
				GCC_WARN_UNINITIALIZED_AUTOS = YES_AGGRESSIVE;
				GCC_WARN_UNUSED_FUNCTION = YES;
				GCC_WARN_UNUSED_VARIABLE = YES;
				IPHONEOS_DEPLOYMENT_TARGET = 9.3;
				MTL_ENABLE_DEBUG_INFO = NO;
				SDKROOT = iphoneos;
				TARGETED_DEVICE_FAMILY = "1,2";
				VALIDATE_PRODUCT = YES;
			};
			name = Release;
		};
		B4613BC81CBB1E05002A156E /* Debug */ = {
			isa = XCBuildConfiguration;
			baseConfigurationReference = 1FBE67C23934BABC85EA4963 /* Pods-jrx.debug.xcconfig */;
			buildSettings = {
				ASSETCATALOG_COMPILER_APPICON_NAME = AppIcon;
				CODE_SIGN_IDENTITY = "iPhone Developer";
				INFOPLIST_FILE = jrx/Info.plist;
				LD_RUNPATH_SEARCH_PATHS = "$(inherited) @executable_path/Frameworks";
				PRODUCT_BUNDLE_IDENTIFIER = com.blakeoistad.jrx;
				PRODUCT_NAME = "$(TARGET_NAME)";
			};
			name = Debug;
		};
		B4613BC91CBB1E05002A156E /* Release */ = {
			isa = XCBuildConfiguration;
			baseConfigurationReference = 47076C3C4F9E98834EE31A71 /* Pods-jrx.release.xcconfig */;
			buildSettings = {
				ASSETCATALOG_COMPILER_APPICON_NAME = AppIcon;
				CODE_SIGN_IDENTITY = "iPhone Developer";
				INFOPLIST_FILE = jrx/Info.plist;
				LD_RUNPATH_SEARCH_PATHS = "$(inherited) @executable_path/Frameworks";
				PRODUCT_BUNDLE_IDENTIFIER = com.blakeoistad.jrx;
				PRODUCT_NAME = "$(TARGET_NAME)";
			};
			name = Release;
		};
		B4613BCB1CBB1E05002A156E /* Debug */ = {
			isa = XCBuildConfiguration;
			baseConfigurationReference = 16234CCB4C13A5FA29AA518B /* Pods-jrxTests.debug.xcconfig */;
			buildSettings = {
				BUNDLE_LOADER = "$(TEST_HOST)";
				INFOPLIST_FILE = jrxTests/Info.plist;
				LD_RUNPATH_SEARCH_PATHS = "$(inherited) @executable_path/Frameworks @loader_path/Frameworks";
				PRODUCT_BUNDLE_IDENTIFIER = com.blakeoistad.jrxTests;
				PRODUCT_NAME = "$(TARGET_NAME)";
				TEST_HOST = "$(BUILT_PRODUCTS_DIR)/jrx.app/jrx";
			};
			name = Debug;
		};
		B4613BCC1CBB1E05002A156E /* Release */ = {
			isa = XCBuildConfiguration;
			baseConfigurationReference = 32B8C9C633953E4A8F7D4EAC /* Pods-jrxTests.release.xcconfig */;
			buildSettings = {
				BUNDLE_LOADER = "$(TEST_HOST)";
				INFOPLIST_FILE = jrxTests/Info.plist;
				LD_RUNPATH_SEARCH_PATHS = "$(inherited) @executable_path/Frameworks @loader_path/Frameworks";
				PRODUCT_BUNDLE_IDENTIFIER = com.blakeoistad.jrxTests;
				PRODUCT_NAME = "$(TARGET_NAME)";
				TEST_HOST = "$(BUILT_PRODUCTS_DIR)/jrx.app/jrx";
			};
			name = Release;
		};
		B4613BCE1CBB1E05002A156E /* Debug */ = {
			isa = XCBuildConfiguration;
			baseConfigurationReference = 8E4ED601D20CD557FE1265D3 /* Pods-jrxUITests.debug.xcconfig */;
			buildSettings = {
				INFOPLIST_FILE = jrxUITests/Info.plist;
				LD_RUNPATH_SEARCH_PATHS = "$(inherited) @executable_path/Frameworks @loader_path/Frameworks";
				PRODUCT_BUNDLE_IDENTIFIER = com.blakeoistad.jrxUITests;
				PRODUCT_NAME = "$(TARGET_NAME)";
				TEST_TARGET_NAME = jrx;
			};
			name = Debug;
		};
		B4613BCF1CBB1E05002A156E /* Release */ = {
			isa = XCBuildConfiguration;
			baseConfigurationReference = EDF34CF2AC440F29B760583C /* Pods-jrxUITests.release.xcconfig */;
			buildSettings = {
				INFOPLIST_FILE = jrxUITests/Info.plist;
				LD_RUNPATH_SEARCH_PATHS = "$(inherited) @executable_path/Frameworks @loader_path/Frameworks";
				PRODUCT_BUNDLE_IDENTIFIER = com.blakeoistad.jrxUITests;
				PRODUCT_NAME = "$(TARGET_NAME)";
				TEST_TARGET_NAME = jrx;
			};
			name = Release;
		};
/* End XCBuildConfiguration section */

/* Begin XCConfigurationList section */
		B4613B971CBB1E05002A156E /* Build configuration list for PBXProject "jrx" */ = {
			isa = XCConfigurationList;
			buildConfigurations = (
				B4613BC51CBB1E05002A156E /* Debug */,
				B4613BC61CBB1E05002A156E /* Release */,
			);
			defaultConfigurationIsVisible = 0;
			defaultConfigurationName = Release;
		};
		B4613BC71CBB1E05002A156E /* Build configuration list for PBXNativeTarget "jrx" */ = {
			isa = XCConfigurationList;
			buildConfigurations = (
				B4613BC81CBB1E05002A156E /* Debug */,
				B4613BC91CBB1E05002A156E /* Release */,
			);
			defaultConfigurationIsVisible = 0;
			defaultConfigurationName = Release;
		};
		B4613BCA1CBB1E05002A156E /* Build configuration list for PBXNativeTarget "jrxTests" */ = {
			isa = XCConfigurationList;
			buildConfigurations = (
				B4613BCB1CBB1E05002A156E /* Debug */,
				B4613BCC1CBB1E05002A156E /* Release */,
			);
			defaultConfigurationIsVisible = 0;
			defaultConfigurationName = Release;
		};
		B4613BCD1CBB1E05002A156E /* Build configuration list for PBXNativeTarget "jrxUITests" */ = {
			isa = XCConfigurationList;
			buildConfigurations = (
				B4613BCE1CBB1E05002A156E /* Debug */,
				B4613BCF1CBB1E05002A156E /* Release */,
			);
			defaultConfigurationIsVisible = 0;
			defaultConfigurationName = Release;
		};
/* End XCConfigurationList section */

/* Begin XCVersionGroup section */
		B4613BA61CBB1E05002A156E /* jrx.xcdatamodeld */ = {
			isa = XCVersionGroup;
			children = (
				B4613BA71CBB1E05002A156E /* jrx.xcdatamodel */,
			);
			currentVersion = B4613BA71CBB1E05002A156E /* jrx.xcdatamodel */;
			path = jrx.xcdatamodeld;
			sourceTree = "<group>";
			versionGroupType = wrapper.xcdatamodel;
		};
/* End XCVersionGroup section */
	};
	rootObject = B4613B941CBB1E05002A156E /* Project object */;
}
